
Microsoft Visual Studio Solution File, Format Version 12.00
# Visual Studio Version 16
VisualStudioVersion = 16.0.29403.142
MinimumVisualStudioVersion = 10.0.40219.1
Project("{FAE04EC0-301F-11D3-BF4B-00C04F79EFBC}") = "ProductTrackingSystem", "ProductTrackingSystem\ProductTrackingSystem.csproj", "{482244EE-015A-4D74-85F8-4BBB12B4774F}"
EndProject
Global
	GlobalSection(SolutionConfigurationPlatforms) = preSolution
		Debug|Any CPU = Debug|Any CPU
		Release|Any CPU = Release|Any CPU
	EndGlobalSection
	GlobalSection(ProjectConfigurationPlatforms) = postSolution
		{482244EE-015A-4D74-85F8-4BBB12B4774F}.Debug|Any CPU.ActiveCfg = Debug|Any CPU
		{482244EE-015A-4D74-85F8-4BBB12B4774F}.Debug|Any CPU.Build.0 = Debug|Any CPU
		{482244EE-015A-4D74-85F8-4BBB12B4774F}.Release|Any CPU.ActiveCfg = Release|Any CPU
		{482244EE-015A-4D74-85F8-4BBB12B4774F}.Release|Any CPU.Build.0 = Release|Any CPU
	EndGlobalSection
	GlobalSection(SolutionProperties) = preSolution
		HideSolutionNode = FALSE
	EndGlobalSection
	GlobalSection(ExtensibilityGlobals) = postSolution
		SolutionGuid = {BD5102F3-EDF9-4482-B945-7A19DE207102}
	EndGlobalSection
EndGlobal
